// !$*UTF8*$!
{
	archiveVersion = 1;
	classes = {
	};
	objectVersion = 56;
	objects = {

/* Begin PBXBuildFile section */
		E547239029A801A500FC9E81 /* iOS-Info.plist in Resources */ = {isa = PBXBuildFile; fileRef = E547238F29A801A500FC9E81 /* iOS-Info.plist */; };
		E5643E3A2938D56D00616762 /* RickAndMortyApp.swift in Sources */ = {isa = PBXBuildFile; fileRef = E5643E392938D56D00616762 /* RickAndMortyApp.swift */; };
		E5643E482938D5BB00616762 /* RMService.swift in Sources */ = {isa = PBXBuildFile; fileRef = E5643E472938D5BB00616762 /* RMService.swift */; };
		E5643E4B2938D60800616762 /* Character.swift in Sources */ = {isa = PBXBuildFile; fileRef = E5643E4A2938D60800616762 /* Character.swift */; };
		E5643E4E2938DC9D00616762 /* CharactersView.swift in Sources */ = {isa = PBXBuildFile; fileRef = E5643E4D2938DC9D00616762 /* CharactersView.swift */; };
		E5643E502938DD3E00616762 /* CharacterView.swift in Sources */ = {isa = PBXBuildFile; fileRef = E5643E4F2938DD3E00616762 /* CharacterView.swift */; };
		E5643E522938DDD600616762 /* LoadableImage.swift in Sources */ = {isa = PBXBuildFile; fileRef = E5643E512938DDD600616762 /* LoadableImage.swift */; };
		E598673029A656930032435B /* Assets.xcassets in Resources */ = {isa = PBXBuildFile; fileRef = E598672F29A656930032435B /* Assets.xcassets */; };
		E5E8BEC82A6ED39F0019E28D /* CharacterViewModel.swift in Sources */ = {isa = PBXBuildFile; fileRef = E5E8BEC72A6ED39F0019E28D /* CharacterViewModel.swift */; };
		E5F9CBA7293A5F90006CD0D0 /* HomeView.swift in Sources */ = {isa = PBXBuildFile; fileRef = E5F9CBA6293A5F90006CD0D0 /* HomeView.swift */; };
		E5F9CBA9293A616A006CD0D0 /* Assets.swift in Sources */ = {isa = PBXBuildFile; fileRef = E5F9CBA8293A616A006CD0D0 /* Assets.swift */; };
		E5F9CBAB293A6B5E006CD0D0 /* EpisodesView.swift in Sources */ = {isa = PBXBuildFile; fileRef = E5F9CBAA293A6B5E006CD0D0 /* EpisodesView.swift */; };
		E5F9CBAF293A6D96006CD0D0 /* Episode.swift in Sources */ = {isa = PBXBuildFile; fileRef = E5F9CBAE293A6D96006CD0D0 /* Episode.swift */; };
		E5F9CBB1293A7532006CD0D0 /* FavoritesView.swift in Sources */ = {isa = PBXBuildFile; fileRef = E5F9CBB0293A7532006CD0D0 /* FavoritesView.swift */; };
/* End PBXBuildFile section */

/* Begin PBXFileReference section */
		E547238F29A801A500FC9E81 /* iOS-Info.plist */ = {isa = PBXFileReference; lastKnownFileType = text.plist.xml; path = "iOS-Info.plist"; sourceTree = "<group>"; };
		E5643E362938D56D00616762 /* RickAndMorty.app */ = {isa = PBXFileReference; explicitFileType = wrapper.application; includeInIndex = 0; path = RickAndMorty.app; sourceTree = BUILT_PRODUCTS_DIR; };
		E5643E392938D56D00616762 /* RickAndMortyApp.swift */ = {isa = PBXFileReference; lastKnownFileType = sourcecode.swift; path = RickAndMortyApp.swift; sourceTree = "<group>"; };
		E5643E472938D5BB00616762 /* RMService.swift */ = {isa = PBXFileReference; lastKnownFileType = sourcecode.swift; path = RMService.swift; sourceTree = "<group>"; };
		E5643E4A2938D60800616762 /* Character.swift */ = {isa = PBXFileReference; lastKnownFileType = sourcecode.swift; path = Character.swift; sourceTree = "<group>"; };
		E5643E4D2938DC9D00616762 /* CharactersView.swift */ = {isa = PBXFileReference; lastKnownFileType = sourcecode.swift; path = CharactersView.swift; sourceTree = "<group>"; };
		E5643E4F2938DD3E00616762 /* CharacterView.swift */ = {isa = PBXFileReference; lastKnownFileType = sourcecode.swift; path = CharacterView.swift; sourceTree = "<group>"; };
		E5643E512938DDD600616762 /* LoadableImage.swift */ = {isa = PBXFileReference; lastKnownFileType = sourcecode.swift; path = LoadableImage.swift; sourceTree = "<group>"; };
		E598672F29A656930032435B /* Assets.xcassets */ = {isa = PBXFileReference; lastKnownFileType = folder.assetcatalog; path = Assets.xcassets; sourceTree = "<group>"; };
		E5E8BEC72A6ED39F0019E28D /* CharacterViewModel.swift */ = {isa = PBXFileReference; lastKnownFileType = sourcecode.swift; path = CharacterViewModel.swift; sourceTree = "<group>"; };
		E5F9CBA6293A5F90006CD0D0 /* HomeView.swift */ = {isa = PBXFileReference; lastKnownFileType = sourcecode.swift; path = HomeView.swift; sourceTree = "<group>"; };
		E5F9CBA8293A616A006CD0D0 /* Assets.swift */ = {isa = PBXFileReference; lastKnownFileType = sourcecode.swift; path = Assets.swift; sourceTree = "<group>"; };
		E5F9CBAA293A6B5E006CD0D0 /* EpisodesView.swift */ = {isa = PBXFileReference; lastKnownFileType = sourcecode.swift; path = EpisodesView.swift; sourceTree = "<group>"; };
		E5F9CBAE293A6D96006CD0D0 /* Episode.swift */ = {isa = PBXFileReference; lastKnownFileType = sourcecode.swift; path = Episode.swift; sourceTree = "<group>"; };
		E5F9CBB0293A7532006CD0D0 /* FavoritesView.swift */ = {isa = PBXFileReference; lastKnownFileType = sourcecode.swift; path = FavoritesView.swift; sourceTree = "<group>"; };
/* End PBXFileReference section */

/* Begin PBXFrameworksBuildPhase section */
		E5643E332938D56D00616762 /* Frameworks */ = {
			isa = PBXFrameworksBuildPhase;
			buildActionMask = 2147483647;
			files = (
			);
			runOnlyForDeploymentPostprocessing = 0;
		};
/* End PBXFrameworksBuildPhase section */

/* Begin PBXGroup section */
		E5643E2D2938D56D00616762 = {
			isa = PBXGroup;
			children = (
				E5643E382938D56D00616762 /* RickAndMorty */,
				E5643E372938D56D00616762 /* Products */,
			);
			sourceTree = "<group>";
		};
		E5643E372938D56D00616762 /* Products */ = {
			isa = PBXGroup;
			children = (
				E5643E362938D56D00616762 /* RickAndMorty.app */,
			);
			name = Products;
			sourceTree = "<group>";
		};
		E5643E382938D56D00616762 /* RickAndMorty */ = {
			isa = PBXGroup;
			children = (
				E598672F29A656930032435B /* Assets.xcassets */,
				E5643E532938E12600616762 /* Networking */,
				E5643E4C2938DC8E00616762 /* Views */,
				E5643E492938D5FD00616762 /* Models */,
				E5643E392938D56D00616762 /* RickAndMortyApp.swift */,
				E5F9CBA8293A616A006CD0D0 /* Assets.swift */,
				E547238F29A801A500FC9E81 /* iOS-Info.plist */,
			);
			path = RickAndMorty;
			sourceTree = "<group>";
		};
		E5643E492938D5FD00616762 /* Models */ = {
			isa = PBXGroup;
			children = (
				E5875D9F2A6EE15A00A1023C /* Character */,
				E5F9CBAE293A6D96006CD0D0 /* Episode.swift */,
			);
			path = Models;
			sourceTree = "<group>";
		};
		E5643E4C2938DC8E00616762 /* Views */ = {
			isa = PBXGroup;
			children = (
				E5643E4D2938DC9D00616762 /* CharactersView.swift */,
				E5643E4F2938DD3E00616762 /* CharacterView.swift */,
				E5643E512938DDD600616762 /* LoadableImage.swift */,
				E5F9CBA6293A5F90006CD0D0 /* HomeView.swift */,
				E5F9CBAA293A6B5E006CD0D0 /* EpisodesView.swift */,
				E5F9CBB0293A7532006CD0D0 /* FavoritesView.swift */,
			);
			path = Views;
			sourceTree = "<group>";
		};
		E5643E532938E12600616762 /* Networking */ = {
			isa = PBXGroup;
			children = (
				E5643E472938D5BB00616762 /* RMService.swift */,
			);
			path = Networking;
			sourceTree = "<group>";
		};
		E5875D9F2A6EE15A00A1023C /* Character */ = {
			isa = PBXGroup;
			children = (
				E5643E4A2938D60800616762 /* Character.swift */,
				E5E8BEC72A6ED39F0019E28D /* CharacterViewModel.swift */,
			);
			path = Character;
			sourceTree = "<group>";
		};
/* End PBXGroup section */

/* Begin PBXNativeTarget section */
		E5643E352938D56D00616762 /* RickAndMorty */ = {
			isa = PBXNativeTarget;
			buildConfigurationList = E5643E442938D56E00616762 /* Build configuration list for PBXNativeTarget "RickAndMorty" */;
			buildPhases = (
				E5643E322938D56D00616762 /* Sources */,
				E5643E332938D56D00616762 /* Frameworks */,
				E5643E342938D56D00616762 /* Resources */,
			);
			buildRules = (
			);
			dependencies = (
			);
			name = RickAndMorty;
			productName = RickAndMorty;
			productReference = E5643E362938D56D00616762 /* RickAndMorty.app */;
			productType = "com.apple.product-type.application";
		};
/* End PBXNativeTarget section */

/* Begin PBXProject section */
		E5643E2E2938D56D00616762 /* Project object */ = {
			isa = PBXProject;
			attributes = {
				BuildIndependentTargetsInParallel = 1;
				LastSwiftUpdateCheck = 1410;
				LastUpgradeCheck = 1410;
				TargetAttributes = {
					E5643E352938D56D00616762 = {
						CreatedOnToolsVersion = 14.1;
					};
				};
			};
			buildConfigurationList = E5643E312938D56D00616762 /* Build configuration list for PBXProject "RickAndMorty" */;
			compatibilityVersion = "Xcode 14.0";
			developmentRegion = en;
			hasScannedForEncodings = 0;
			knownRegions = (
				en,
				Base,
			);
			mainGroup = E5643E2D2938D56D00616762;
			productRefGroup = E5643E372938D56D00616762 /* Products */;
			projectDirPath = "";
			projectRoot = "";
			targets = (
				E5643E352938D56D00616762 /* RickAndMorty */,
			);
		};
/* End PBXProject section */

/* Begin PBXResourcesBuildPhase section */
		E5643E342938D56D00616762 /* Resources */ = {
			isa = PBXResourcesBuildPhase;
			buildActionMask = 2147483647;
			files = (
				E547239029A801A500FC9E81 /* iOS-Info.plist in Resources */,
				E598673029A656930032435B /* Assets.xcassets in Resources */,
			);
			runOnlyForDeploymentPostprocessing = 0;
		};
/* End PBXResourcesBuildPhase section */

/* Begin PBXSourcesBuildPhase section */
		E5643E322938D56D00616762 /* Sources */ = {
			isa = PBXSourcesBuildPhase;
			buildActionMask = 2147483647;
			files = (
				E5643E502938DD3E00616762 /* CharacterView.swift in Sources */,
				E5643E522938DDD600616762 /* LoadableImage.swift in Sources */,
				E5643E4E2938DC9D00616762 /* CharactersView.swift in Sources */,
				E5F9CBAB293A6B5E006CD0D0 /* EpisodesView.swift in Sources */,
				E5F9CBAF293A6D96006CD0D0 /* Episode.swift in Sources */,
				E5643E482938D5BB00616762 /* RMService.swift in Sources */,
				E5F9CBA7293A5F90006CD0D0 /* HomeView.swift in Sources */,
				E5E8BEC82A6ED39F0019E28D /* CharacterViewModel.swift in Sources */,
				E5F9CBB1293A7532006CD0D0 /* FavoritesView.swift in Sources */,
				E5F9CBA9293A616A006CD0D0 /* Assets.swift in Sources */,
				E5643E3A2938D56D00616762 /* RickAndMortyApp.swift in Sources */,
				E5643E4B2938D60800616762 /* Character.swift in Sources */,
			);
			runOnlyForDeploymentPostprocessing = 0;
		};
/* End PBXSourcesBuildPhase section */

/* Begin XCBuildConfiguration section */
		E5643E422938D56E00616762 /* Debug */ = {
			isa = XCBuildConfiguration;
			buildSettings = {
				ALWAYS_SEARCH_USER_PATHS = NO;
				CLANG_ANALYZER_NONNULL = YES;
				CLANG_ANALYZER_NUMBER_OBJECT_CONVERSION = YES_AGGRESSIVE;
				CLANG_CXX_LANGUAGE_STANDARD = "gnu++20";
				CLANG_ENABLE_MODULES = YES;
				CLANG_ENABLE_OBJC_ARC = YES;
				CLANG_ENABLE_OBJC_WEAK = YES;
				CLANG_WARN_BLOCK_CAPTURE_AUTORELEASING = YES;
				CLANG_WARN_BOOL_CONVERSION = YES;
				CLANG_WARN_COMMA = YES;
				CLANG_WARN_CONSTANT_CONVERSION = YES;
				CLANG_WARN_DEPRECATED_OBJC_IMPLEMENTATIONS = YES;
				CLANG_WARN_DIRECT_OBJC_ISA_USAGE = YES_ERROR;
				CLANG_WARN_DOCUMENTATION_COMMENTS = YES;
				CLANG_WARN_EMPTY_BODY = YES;
				CLANG_WARN_ENUM_CONVERSION = YES;
				CLANG_WARN_INFINITE_RECURSION = YES;
				CLANG_WARN_INT_CONVERSION = YES;
				CLANG_WARN_NON_LITERAL_NULL_CONVERSION = YES;
				CLANG_WARN_OBJC_IMPLICIT_RETAIN_SELF = YES;
				CLANG_WARN_OBJC_LITERAL_CONVERSION = YES;
				CLANG_WARN_OBJC_ROOT_CLASS = YES_ERROR;
				CLANG_WARN_QUOTED_INCLUDE_IN_FRAMEWORK_HEADER = YES;
				CLANG_WARN_RANGE_LOOP_ANALYSIS = YES;
				CLANG_WARN_STRICT_PROTOTYPES = YES;
				CLANG_WARN_SUSPICIOUS_MOVE = YES;
				CLANG_WARN_UNGUARDED_AVAILABILITY = YES_AGGRESSIVE;
				CLANG_WARN_UNREACHABLE_CODE = YES;
				CLANG_WARN__DUPLICATE_METHOD_MATCH = YES;
				COPY_PHASE_STRIP = NO;
				DEBUG_INFORMATION_FORMAT = dwarf;
				ENABLE_STRICT_OBJC_MSGSEND = YES;
				ENABLE_TESTABILITY = YES;
				GCC_C_LANGUAGE_STANDARD = gnu11;
				GCC_DYNAMIC_NO_PIC = NO;
				GCC_NO_COMMON_BLOCKS = YES;
				GCC_OPTIMIZATION_LEVEL = 0;
				GCC_PREPROCESSOR_DEFINITIONS = (
					"DEBUG=1",
					"$(inherited)",
				);
				GCC_WARN_64_TO_32_BIT_CONVERSION = YES;
				GCC_WARN_ABOUT_RETURN_TYPE = YES_ERROR;
				GCC_WARN_UNDECLARED_SELECTOR = YES;
				GCC_WARN_UNINITIALIZED_AUTOS = YES_AGGRESSIVE;
				GCC_WARN_UNUSED_FUNCTION = YES;
				GCC_WARN_UNUSED_VARIABLE = YES;
				IPHONEOS_DEPLOYMENT_TARGET = 17.0;
				MTL_ENABLE_DEBUG_INFO = INCLUDE_SOURCE;
				MTL_FAST_MATH = YES;
				ONLY_ACTIVE_ARCH = YES;
				SDKROOT = iphoneos;
				SWIFT_ACTIVE_COMPILATION_CONDITIONS = DEBUG;
				SWIFT_OPTIMIZATION_LEVEL = "-Onone";
			};
			name = Debug;
		};
		E5643E432938D56E00616762 /* Release */ = {
			isa = XCBuildConfiguration;
			buildSettings = {
				ALWAYS_SEARCH_USER_PATHS = NO;
				CLANG_ANALYZER_NONNULL = YES;
				CLANG_ANALYZER_NUMBER_OBJECT_CONVERSION = YES_AGGRESSIVE;
				CLANG_CXX_LANGUAGE_STANDARD = "gnu++20";
				CLANG_ENABLE_MODULES = YES;
				CLANG_ENABLE_OBJC_ARC = YES;
				CLANG_ENABLE_OBJC_WEAK = YES;
				CLANG_WARN_BLOCK_CAPTURE_AUTORELEASING = YES;
				CLANG_WARN_BOOL_CONVERSION = YES;
				CLANG_WARN_COMMA = YES;
				CLANG_WARN_CONSTANT_CONVERSION = YES;
				CLANG_WARN_DEPRECATED_OBJC_IMPLEMENTATIONS = YES;
				CLANG_WARN_DIRECT_OBJC_ISA_USAGE = YES_ERROR;
				CLANG_WARN_DOCUMENTATION_COMMENTS = YES;
				CLANG_WARN_EMPTY_BODY = YES;
				CLANG_WARN_ENUM_CONVERSION = YES;
				CLANG_WARN_INFINITE_RECURSION = YES;
				CLANG_WARN_INT_CONVERSION = YES;
				CLANG_WARN_NON_LITERAL_NULL_CONVERSION = YES;
				CLANG_WARN_OBJC_IMPLICIT_RETAIN_SELF = YES;
				CLANG_WARN_OBJC_LITERAL_CONVERSION = YES;
				CLANG_WARN_OBJC_ROOT_CLASS = YES_ERROR;
				CLANG_WARN_QUOTED_INCLUDE_IN_FRAMEWORK_HEADER = YES;
				CLANG_WARN_RANGE_LOOP_ANALYSIS = YES;
				CLANG_WARN_STRICT_PROTOTYPES = YES;
				CLANG_WARN_SUSPICIOUS_MOVE = YES;
				CLANG_WARN_UNGUARDED_AVAILABILITY = YES_AGGRESSIVE;
				CLANG_WARN_UNREACHABLE_CODE = YES;
				CLANG_WARN__DUPLICATE_METHOD_MATCH = YES;
				COPY_PHASE_STRIP = NO;
				DEBUG_INFORMATION_FORMAT = "dwarf-with-dsym";
				ENABLE_NS_ASSERTIONS = NO;
				ENABLE_STRICT_OBJC_MSGSEND = YES;
				GCC_C_LANGUAGE_STANDARD = gnu11;
				GCC_NO_COMMON_BLOCKS = YES;
				GCC_WARN_64_TO_32_BIT_CONVERSION = YES;
				GCC_WARN_ABOUT_RETURN_TYPE = YES_ERROR;
				GCC_WARN_UNDECLARED_SELECTOR = YES;
				GCC_WARN_UNINITIALIZED_AUTOS = YES_AGGRESSIVE;
				GCC_WARN_UNUSED_FUNCTION = YES;
				GCC_WARN_UNUSED_VARIABLE = YES;
				IPHONEOS_DEPLOYMENT_TARGET = 17.0;
				MTL_ENABLE_DEBUG_INFO = NO;
				MTL_FAST_MATH = YES;
				SDKROOT = iphoneos;
				SWIFT_COMPILATION_MODE = wholemodule;
				SWIFT_OPTIMIZATION_LEVEL = "-O";
				VALIDATE_PRODUCT = YES;
			};
			name = Release;
		};
		E5643E452938D56E00616762 /* Debug */ = {
			isa = XCBuildConfiguration;
			buildSettings = {
				ASSETCATALOG_COMPILER_APPICON_NAME = AppIcon;
				ASSETCATALOG_COMPILER_GLOBAL_ACCENT_COLOR_NAME = AccentColor;
				BASE_URL = "https://rickandmortyapi.com/api/";
				CODE_SIGN_STYLE = Automatic;
				CURRENT_PROJECT_VERSION = 1;
				DEVELOPMENT_TEAM = K8RM345779;
				ENABLE_PREVIEWS = YES;
				GENERATE_INFOPLIST_FILE = YES;
				INFOPLIST_KEY_UIApplicationSceneManifest_Generation = YES;
				INFOPLIST_KEY_UIApplicationSupportsIndirectInputEvents = YES;
				INFOPLIST_KEY_UILaunchScreen_Generation = YES;
				INFOPLIST_KEY_UISupportedInterfaceOrientations = "UIInterfaceOrientationLandscapeLeft UIInterfaceOrientationLandscapeRight UIInterfaceOrientationPortrait";
				LD_RUNPATH_SEARCH_PATHS = (
					"$(inherited)",
					"@executable_path/Frameworks",
				);
				MARKETING_VERSION = 1.0;
				PRODUCT_BUNDLE_IDENTIFIER = com.rootstrap.RickAndMorty;
				PRODUCT_NAME = "$(TARGET_NAME)";
				SUPPORTED_PLATFORMS = "iphoneos iphonesimulator";
				SUPPORTS_MACCATALYST = NO;
				SUPPORTS_MAC_DESIGNED_FOR_IPHONE_IPAD = YES;
				SWIFT_EMIT_LOC_STRINGS = YES;
				SWIFT_VERSION = 5.0;
				TARGETED_DEVICE_FAMILY = 1;
			};
			name = Debug;
		};
		E5643E462938D56E00616762 /* Release */ = {
			isa = XCBuildConfiguration;
			buildSettings = {
				ASSETCATALOG_COMPILER_APPICON_NAME = AppIcon;
				ASSETCATALOG_COMPILER_GLOBAL_ACCENT_COLOR_NAME = AccentColor;
				BASE_URL = "https://rickandmortyapi.com/api/";
				CODE_SIGN_STYLE = Automatic;
				CURRENT_PROJECT_VERSION = 1;
				DEVELOPMENT_TEAM = K8RM345779;
				ENABLE_PREVIEWS = YES;
				GENERATE_INFOPLIST_FILE = YES;
				INFOPLIST_KEY_UIApplicationSceneManifest_Generation = YES;
				INFOPLIST_KEY_UIApplicationSupportsIndirectInputEvents = YES;
				INFOPLIST_KEY_UILaunchScreen_Generation = YES;
				INFOPLIST_KEY_UISupportedInterfaceOrientations = "UIInterfaceOrientationLandscapeLeft UIInterfaceOrientationLandscapeRight UIInterfaceOrientationPortrait";
				LD_RUNPATH_SEARCH_PATHS = (
					"$(inherited)",
					"@executable_path/Frameworks",
				);
				MARKETING_VERSION = 1.0;
				PRODUCT_BUNDLE_IDENTIFIER = com.rootstrap.RickAndMorty;
				PRODUCT_NAME = "$(TARGET_NAME)";
				SUPPORTED_PLATFORMS = "iphoneos iphonesimulator";
				SUPPORTS_MACCATALYST = NO;
				SUPPORTS_MAC_DESIGNED_FOR_IPHONE_IPAD = YES;
				SWIFT_EMIT_LOC_STRINGS = YES;
				SWIFT_VERSION = 5.0;
				TARGETED_DEVICE_FAMILY = 1;
			};
			name = Release;
		};
/* End XCBuildConfiguration section */

/* Begin XCConfigurationList section */
		E5643E312938D56D00616762 /* Build configuration list for PBXProject "RickAndMorty" */ = {
			isa = XCConfigurationList;
			buildConfigurations = (
				E5643E422938D56E00616762 /* Debug */,
				E5643E432938D56E00616762 /* Release */,
			);
			defaultConfigurationIsVisible = 0;
			defaultConfigurationName = Release;
		};
		E5643E442938D56E00616762 /* Build configuration list for PBXNativeTarget "RickAndMorty" */ = {
			isa = XCConfigurationList;
			buildConfigurations = (
				E5643E452938D56E00616762 /* Debug */,
				E5643E462938D56E00616762 /* Release */,
			);
			defaultConfigurationIsVisible = 0;
			defaultConfigurationName = Release;
		};
/* End XCConfigurationList section */
	};
	rootObject = E5643E2E2938D56D00616762 /* Project object */;
}
